// !$*UTF8*$!
{
	archiveVersion = 1;
	classes = {
	};
	objectVersion = 46;
	objects = {

/* Begin PBXBuildFile section */
		845EEF641EF1D72800FD5E72 /* MicrosoftAzureMobile.framework in Frameworks */ = {isa = PBXBuildFile; fileRef = 845EEF631EF1D72800FD5E72 /* MicrosoftAzureMobile.framework */; };
		845EEF661EF1E1C800FD5E72 /* ToDoTableViewController.swift in Sources */ = {isa = PBXBuildFile; fileRef = 845EEF651EF1E1C800FD5E72 /* ToDoTableViewController.swift */; };
		845EEF6A1EF1E3DA00FD5E72 /* WebKit.framework in Frameworks */ = {isa = PBXBuildFile; fileRef = 845EEF691EF1E3DA00FD5E72 /* WebKit.framework */; };
		845EEF6C1EF1E40400FD5E72 /* SafariServices.framework in Frameworks */ = {isa = PBXBuildFile; fileRef = 845EEF6B1EF1E40400FD5E72 /* SafariServices.framework */; };
		845EEF6F1EF1EC2100FD5E72 /* QSTodoDataModel.xcdatamodeld in Sources */ = {isa = PBXBuildFile; fileRef = 845EEF6D1EF1EC2100FD5E72 /* QSTodoDataModel.xcdatamodeld */; };
		846A6FFF1EF1F9D80064EAA3 /* ToDoItemViewController.swift in Sources */ = {isa = PBXBuildFile; fileRef = 846A6FFE1EF1F9D80064EAA3 /* ToDoItemViewController.swift */; };
		84DF75291EED260500095671 /* AppDelegate.swift in Sources */ = {isa = PBXBuildFile; fileRef = 84DF75281EED260500095671 /* AppDelegate.swift */; };
		84DF752B1EED260500095671 /* ViewController.swift in Sources */ = {isa = PBXBuildFile; fileRef = 84DF752A1EED260500095671 /* ViewController.swift */; };
		84DF752E1EED260500095671 /* Main.storyboard in Resources */ = {isa = PBXBuildFile; fileRef = 84DF752C1EED260500095671 /* Main.storyboard */; };
		84DF75301EED260500095671 /* Assets.xcassets in Resources */ = {isa = PBXBuildFile; fileRef = 84DF752F1EED260500095671 /* Assets.xcassets */; };
		84DF75331EED260500095671 /* LaunchScreen.storyboard in Resources */ = {isa = PBXBuildFile; fileRef = 84DF75311EED260500095671 /* LaunchScreen.storyboard */; };
		84DF753B1EED288C00095671 /* ViewControllerGame.swift in Sources */ = {isa = PBXBuildFile; fileRef = 84DF753A1EED288B00095671 /* ViewControllerGame.swift */; };
		A234A6341EF0DD8000006765 /* Social.framework in Frameworks */ = {isa = PBXBuildFile; fileRef = A234A6331EF0DD8000006765 /* Social.framework */; };
		A234A6361EF0E93D00006765 /* MessageUI.framework in Frameworks */ = {isa = PBXBuildFile; fileRef = A234A6351EF0E93D00006765 /* MessageUI.framework */; };
/* End PBXBuildFile section */

/* Begin PBXFileReference section */
		845EEF611EF1D61000FD5E72 /* ZeroKata-Bridging-Header.h */ = {isa = PBXFileReference; fileEncoding = 4; lastKnownFileType = sourcecode.c.h; path = "ZeroKata-Bridging-Header.h"; sourceTree = "<group>"; };
		845EEF631EF1D72800FD5E72 /* MicrosoftAzureMobile.framework */ = {isa = PBXFileReference; lastKnownFileType = wrapper.framework; path = MicrosoftAzureMobile.framework; sourceTree = "<group>"; };
		845EEF651EF1E1C800FD5E72 /* ToDoTableViewController.swift */ = {isa = PBXFileReference; fileEncoding = 4; lastKnownFileType = sourcecode.swift; path = ToDoTableViewController.swift; sourceTree = "<group>"; };
		845EEF691EF1E3DA00FD5E72 /* WebKit.framework */ = {isa = PBXFileReference; lastKnownFileType = wrapper.framework; name = WebKit.framework; path = System/Library/Frameworks/WebKit.framework; sourceTree = SDKROOT; };
		845EEF6B1EF1E40400FD5E72 /* SafariServices.framework */ = {isa = PBXFileReference; lastKnownFileType = wrapper.framework; name = SafariServices.framework; path = System/Library/Frameworks/SafariServices.framework; sourceTree = SDKROOT; };
		845EEF6E1EF1EC2100FD5E72 /* QSTodoDataModel.xcdatamodel */ = {isa = PBXFileReference; lastKnownFileType = wrapper.xcdatamodel; path = QSTodoDataModel.xcdatamodel; sourceTree = "<group>"; };
		846A6FFE1EF1F9D80064EAA3 /* ToDoItemViewController.swift */ = {isa = PBXFileReference; fileEncoding = 4; lastKnownFileType = sourcecode.swift; path = ToDoItemViewController.swift; sourceTree = "<group>"; };
		84DF75251EED260500095671 /* ZeroKata.app */ = {isa = PBXFileReference; explicitFileType = wrapper.application; includeInIndex = 0; path = ZeroKata.app; sourceTree = BUILT_PRODUCTS_DIR; };
		84DF75281EED260500095671 /* AppDelegate.swift */ = {isa = PBXFileReference; lastKnownFileType = sourcecode.swift; path = AppDelegate.swift; sourceTree = "<group>"; };
		84DF752A1EED260500095671 /* ViewController.swift */ = {isa = PBXFileReference; lastKnownFileType = sourcecode.swift; path = ViewController.swift; sourceTree = "<group>"; };
		84DF752D1EED260500095671 /* Base */ = {isa = PBXFileReference; lastKnownFileType = file.storyboard; name = Base; path = Base.lproj/Main.storyboard; sourceTree = "<group>"; };
		84DF752F1EED260500095671 /* Assets.xcassets */ = {isa = PBXFileReference; lastKnownFileType = folder.assetcatalog; path = Assets.xcassets; sourceTree = "<group>"; };
		84DF75321EED260500095671 /* Base */ = {isa = PBXFileReference; lastKnownFileType = file.storyboard; name = Base; path = Base.lproj/LaunchScreen.storyboard; sourceTree = "<group>"; };
		84DF75341EED260500095671 /* Info.plist */ = {isa = PBXFileReference; lastKnownFileType = text.plist.xml; path = Info.plist; sourceTree = "<group>"; };
		84DF753A1EED288B00095671 /* ViewControllerGame.swift */ = {isa = PBXFileReference; fileEncoding = 4; lastKnownFileType = sourcecode.swift; path = ViewControllerGame.swift; sourceTree = "<group>"; };
		A234A6331EF0DD8000006765 /* Social.framework */ = {isa = PBXFileReference; lastKnownFileType = wrapper.framework; name = Social.framework; path = System/Library/Frameworks/Social.framework; sourceTree = SDKROOT; };
		A234A6351EF0E93D00006765 /* MessageUI.framework */ = {isa = PBXFileReference; lastKnownFileType = wrapper.framework; name = MessageUI.framework; path = System/Library/Frameworks/MessageUI.framework; sourceTree = SDKROOT; };
/* End PBXFileReference section */

/* Begin PBXFrameworksBuildPhase section */
		84DF75221EED260500095671 /* Frameworks */ = {
			isa = PBXFrameworksBuildPhase;
			buildActionMask = 2147483647;
			files = (
				845EEF6C1EF1E40400FD5E72 /* SafariServices.framework in Frameworks */,
				845EEF6A1EF1E3DA00FD5E72 /* WebKit.framework in Frameworks */,
				A234A6361EF0E93D00006765 /* MessageUI.framework in Frameworks */,
				845EEF641EF1D72800FD5E72 /* MicrosoftAzureMobile.framework in Frameworks */,
				A234A6341EF0DD8000006765 /* Social.framework in Frameworks */,
			);
			runOnlyForDeploymentPostprocessing = 0;
		};
/* End PBXFrameworksBuildPhase section */

/* Begin PBXGroup section */
		845EEF621EF1D71100FD5E72 /* frameworks */ = {
			isa = PBXGroup;
			children = (
				845EEF631EF1D72800FD5E72 /* MicrosoftAzureMobile.framework */,
			);
			name = frameworks;
			sourceTree = "<group>";
		};
		845EEF701EF1EDAA00FD5E72 /* Supporting Files */ = {
			isa = PBXGroup;
			children = (
				84DF75341EED260500095671 /* Info.plist */,
			);
			name = "Supporting Files";
			sourceTree = "<group>";
		};
		84DF751C1EED260500095671 = {
			isa = PBXGroup;
			children = (
				84DF75271EED260500095671 /* ZeroKata */,
				84DF75261EED260500095671 /* Products */,
				A234A6321EF0DD7F00006765 /* Frameworks */,
			);
			sourceTree = "<group>";
		};
		84DF75261EED260500095671 /* Products */ = {
			isa = PBXGroup;
			children = (
				84DF75251EED260500095671 /* ZeroKata.app */,
			);
			name = Products;
			sourceTree = "<group>";
		};
		84DF75271EED260500095671 /* ZeroKata */ = {
			isa = PBXGroup;
			children = (
				845EEF621EF1D71100FD5E72 /* frameworks */,
				845EEF6D1EF1EC2100FD5E72 /* QSTodoDataModel.xcdatamodeld */,
				84DF75281EED260500095671 /* AppDelegate.swift */,
				84DF752C1EED260500095671 /* Main.storyboard */,
				84DF752F1EED260500095671 /* Assets.xcassets */,
				845EEF701EF1EDAA00FD5E72 /* Supporting Files */,
				84DF752A1EED260500095671 /* ViewController.swift */,
				845EEF651EF1E1C800FD5E72 /* ToDoTableViewController.swift */,
				846A6FFE1EF1F9D80064EAA3 /* ToDoItemViewController.swift */,
				84DF753A1EED288B00095671 /* ViewControllerGame.swift */,
				845EEF611EF1D61000FD5E72 /* ZeroKata-Bridging-Header.h */,
				84DF75311EED260500095671 /* LaunchScreen.storyboard */,
			);
			path = ZeroKata;
			sourceTree = "<group>";
		};
		A234A6321EF0DD7F00006765 /* Frameworks */ = {
			isa = PBXGroup;
			children = (
				845EEF6B1EF1E40400FD5E72 /* SafariServices.framework */,
				845EEF691EF1E3DA00FD5E72 /* WebKit.framework */,
				A234A6351EF0E93D00006765 /* MessageUI.framework */,
				A234A6331EF0DD8000006765 /* Social.framework */,
			);
			name = Frameworks;
			sourceTree = "<group>";
		};
/* End PBXGroup section */

/* Begin PBXNativeTarget section */
		84DF75241EED260500095671 /* ZeroKata */ = {
			isa = PBXNativeTarget;
			buildConfigurationList = 84DF75371EED260500095671 /* Build configuration list for PBXNativeTarget "ZeroKata" */;
			buildPhases = (
				84DF75211EED260500095671 /* Sources */,
				84DF75221EED260500095671 /* Frameworks */,
				84DF75231EED260500095671 /* Resources */,
			);
			buildRules = (
			);
			dependencies = (
			);
			name = ZeroKata;
			productName = ZeroKata;
			productReference = 84DF75251EED260500095671 /* ZeroKata.app */;
			productType = "com.apple.product-type.application";
		};
/* End PBXNativeTarget section */

/* Begin PBXProject section */
		84DF751D1EED260500095671 /* Project object */ = {
			isa = PBXProject;
			attributes = {
				LastSwiftUpdateCheck = 0830;
				LastUpgradeCheck = 0830;
				ORGANIZATIONNAME = "Evgenii Onopchenko";
				TargetAttributes = {
					84DF75241EED260500095671 = {
						CreatedOnToolsVersion = 8.3.2;
						ProvisioningStyle = Automatic;
					};
				};
			};
			buildConfigurationList = 84DF75201EED260500095671 /* Build configuration list for PBXProject "ZeroKata" */;
			compatibilityVersion = "Xcode 3.2";
			developmentRegion = English;
			hasScannedForEncodings = 0;
			knownRegions = (
				en,
				Base,
			);
			mainGroup = 84DF751C1EED260500095671;
			productRefGroup = 84DF75261EED260500095671 /* Products */;
			projectDirPath = "";
			projectRoot = "";
			targets = (
				84DF75241EED260500095671 /* ZeroKata */,
			);
		};
/* End PBXProject section */

/* Begin PBXResourcesBuildPhase section */
		84DF75231EED260500095671 /* Resources */ = {
			isa = PBXResourcesBuildPhase;
			buildActionMask = 2147483647;
			files = (
				84DF75331EED260500095671 /* LaunchScreen.storyboard in Resources */,
				84DF75301EED260500095671 /* Assets.xcassets in Resources */,
				84DF752E1EED260500095671 /* Main.storyboard in Resources */,
			);
			runOnlyForDeploymentPostprocessing = 0;
		};
/* End PBXResourcesBuildPhase section */

/* Begin PBXSourcesBuildPhase section */
		84DF75211EED260500095671 /* Sources */ = {
			isa = PBXSourcesBuildPhase;
			buildActionMask = 2147483647;
			files = (
				84DF752B1EED260500095671 /* ViewController.swift in Sources */,
				846A6FFF1EF1F9D80064EAA3 /* ToDoItemViewController.swift in Sources */,
				845EEF661EF1E1C800FD5E72 /* ToDoTableViewController.swift in Sources */,
				845EEF6F1EF1EC2100FD5E72 /* QSTodoDataModel.xcdatamodeld in Sources */,
				84DF75291EED260500095671 /* AppDelegate.swift in Sources */,
				84DF753B1EED288C00095671 /* ViewControllerGame.swift in Sources */,
			);
			runOnlyForDeploymentPostprocessing = 0;
		};
/* End PBXSourcesBuildPhase section */

/* Begin PBXVariantGroup section */
		84DF752C1EED260500095671 /* Main.storyboard */ = {
			isa = PBXVariantGroup;
			children = (
				84DF752D1EED260500095671 /* Base */,
			);
			name = Main.storyboard;
			sourceTree = "<group>";
		};
		84DF75311EED260500095671 /* LaunchScreen.storyboard */ = {
			isa = PBXVariantGroup;
			children = (
				84DF75321EED260500095671 /* Base */,
			);
			name = LaunchScreen.storyboard;
			sourceTree = "<group>";
		};
/* End PBXVariantGroup section */

/* Begin XCBuildConfiguration section */
		84DF75351EED260500095671 /* Debug */ = {
			isa = XCBuildConfiguration;
			buildSettings = {
				ALWAYS_SEARCH_USER_PATHS = NO;
				CLANG_ANALYZER_NONNULL = YES;
				CLANG_ANALYZER_NUMBER_OBJECT_CONVERSION = YES_AGGRESSIVE;
				CLANG_CXX_LANGUAGE_STANDARD = "gnu++0x";
				CLANG_CXX_LIBRARY = "libc++";
				CLANG_ENABLE_MODULES = YES;
				CLANG_ENABLE_OBJC_ARC = YES;
				CLANG_WARN_BOOL_CONVERSION = YES;
				CLANG_WARN_CONSTANT_CONVERSION = YES;
				CLANG_WARN_DIRECT_OBJC_ISA_USAGE = YES_ERROR;
				CLANG_WARN_DOCUMENTATION_COMMENTS = YES;
				CLANG_WARN_EMPTY_BODY = YES;
				CLANG_WARN_ENUM_CONVERSION = YES;
				CLANG_WARN_INFINITE_RECURSION = YES;
				CLANG_WARN_INT_CONVERSION = YES;
				CLANG_WARN_OBJC_ROOT_CLASS = YES_ERROR;
				CLANG_WARN_SUSPICIOUS_MOVE = YES;
				CLANG_WARN_UNREACHABLE_CODE = YES;
				CLANG_WARN__DUPLICATE_METHOD_MATCH = YES;
				"CODE_SIGN_IDENTITY[sdk=iphoneos*]" = "iPhone Developer";
				COPY_PHASE_STRIP = NO;
				DEBUG_INFORMATION_FORMAT = dwarf;
				ENABLE_STRICT_OBJC_MSGSEND = YES;
				ENABLE_TESTABILITY = YES;
				GCC_C_LANGUAGE_STANDARD = gnu99;
				GCC_DYNAMIC_NO_PIC = NO;
				GCC_NO_COMMON_BLOCKS = YES;
				GCC_OPTIMIZATION_LEVEL = 0;
				GCC_PREPROCESSOR_DEFINITIONS = (
					"DEBUG=1",
					"$(inherited)",
				);
				GCC_WARN_64_TO_32_BIT_CONVERSION = YES;
				GCC_WARN_ABOUT_RETURN_TYPE = YES_ERROR;
				GCC_WARN_UNDECLARED_SELECTOR = YES;
				GCC_WARN_UNINITIALIZED_AUTOS = YES_AGGRESSIVE;
				GCC_WARN_UNUSED_FUNCTION = YES;
				GCC_WARN_UNUSED_VARIABLE = YES;
				IPHONEOS_DEPLOYMENT_TARGET = 10.3;
				MTL_ENABLE_DEBUG_INFO = YES;
				ONLY_ACTIVE_ARCH = YES;
				SDKROOT = iphoneos;
				SWIFT_ACTIVE_COMPILATION_CONDITIONS = DEBUG;
				SWIFT_OPTIMIZATION_LEVEL = "-Onone";
				TARGETED_DEVICE_FAMILY = "1,2";
			};
			name = Debug;
		};
		84DF75361EED260500095671 /* Release */ = {
			isa = XCBuildConfiguration;
			buildSettings = {
				ALWAYS_SEARCH_USER_PATHS = NO;
				CLANG_ANALYZER_NONNULL = YES;
				CLANG_ANALYZER_NUMBER_OBJECT_CONVERSION = YES_AGGRESSIVE;
				CLANG_CXX_LANGUAGE_STANDARD = "gnu++0x";
				CLANG_CXX_LIBRARY = "libc++";
				CLANG_ENABLE_MODULES = YES;
				CLANG_ENABLE_OBJC_ARC = YES;
				CLANG_WARN_BOOL_CONVERSION = YES;
				CLANG_WARN_CONSTANT_CONVERSION = YES;
				CLANG_WARN_DIRECT_OBJC_ISA_USAGE = YES_ERROR;
				CLANG_WARN_DOCUMENTATION_COMMENTS = YES;
				CLANG_WARN_EMPTY_BODY = YES;
				CLANG_WARN_ENUM_CONVERSION = YES;
				CLANG_WARN_INFINITE_RECURSION = YES;
				CLANG_WARN_INT_CONVERSION = YES;
				CLANG_WARN_OBJC_ROOT_CLASS = YES_ERROR;
				CLANG_WARN_SUSPICIOUS_MOVE = YES;
				CLANG_WARN_UNREACHABLE_CODE = YES;
				CLANG_WARN__DUPLICATE_METHOD_MATCH = YES;
				"CODE_SIGN_IDENTITY[sdk=iphoneos*]" = "iPhone Developer";
				COPY_PHASE_STRIP = NO;
				DEBUG_INFORMATION_FORMAT = "dwarf-with-dsym";
				ENABLE_NS_ASSERTIONS = NO;
				ENABLE_STRICT_OBJC_MSGSEND = YES;
				GCC_C_LANGUAGE_STANDARD = gnu99;
				GCC_NO_COMMON_BLOCKS = YES;
				GCC_WARN_64_TO_32_BIT_CONVERSION = YES;
				GCC_WARN_ABOUT_RETURN_TYPE = YES_ERROR;
				GCC_WARN_UNDECLARED_SELECTOR = YES;
				GCC_WARN_UNINITIALIZED_AUTOS = YES_AGGRESSIVE;
				GCC_WARN_UNUSED_FUNCTION = YES;
				GCC_WARN_UNUSED_VARIABLE = YES;
				IPHONEOS_DEPLOYMENT_TARGET = 10.3;
				MTL_ENABLE_DEBUG_INFO = NO;
				SDKROOT = iphoneos;
				SWIFT_OPTIMIZATION_LEVEL = "-Owholemodule";
				TARGETED_DEVICE_FAMILY = "1,2";
				VALIDATE_PRODUCT = YES;
			};
			name = Release;
		};
		84DF75381EED260500095671 /* Debug */ = {
			isa = XCBuildConfiguration;
			buildSettings = {
				ASSETCATALOG_COMPILER_APPICON_NAME = AppIcon;
				FRAMEWORK_SEARCH_PATHS = (
					"$(inherited)",
					"$(PROJECT_DIR)/ZeroKata",
				);
				INFOPLIST_FILE = ZeroKata/Info.plist;
				LD_RUNPATH_SEARCH_PATHS = "$(inherited) @executable_path/Frameworks";
				PRODUCT_BUNDLE_IDENTIFIER = com.unitec.ZeroKata;
				PRODUCT_NAME = "$(TARGET_NAME)";
				SWIFT_OBJC_BRIDGING_HEADER = "ZeroKata/ZeroKata-Bridging-Header.h";
				SWIFT_VERSION = 3.0;
				TARGETED_DEVICE_FAMILY = "1,2";
			};
			name = Debug;
		};
		84DF75391EED260500095671 /* Release */ = {
			isa = XCBuildConfiguration;
			buildSettings = {
				ASSETCATALOG_COMPILER_APPICON_NAME = AppIcon;
				FRAMEWORK_SEARCH_PATHS = (
					"$(inherited)",
					"$(PROJECT_DIR)/ZeroKata",
				);
				INFOPLIST_FILE = ZeroKata/Info.plist;
				LD_RUNPATH_SEARCH_PATHS = "$(inherited) @executable_path/Frameworks";
				PRODUCT_BUNDLE_IDENTIFIER = com.unitec.ZeroKata;
				PRODUCT_NAME = "$(TARGET_NAME)";
				SWIFT_OBJC_BRIDGING_HEADER = "ZeroKata/ZeroKata-Bridging-Header.h";
				SWIFT_VERSION = 3.0;
				TARGETED_DEVICE_FAMILY = "1,2";
			};
			name = Release;
		};
/* End XCBuildConfiguration section */

/* Begin XCConfigurationList section */
		84DF75201EED260500095671 /* Build configuration list for PBXProject "ZeroKata" */ = {
			isa = XCConfigurationList;
			buildConfigurations = (
				84DF75351EED260500095671 /* Debug */,
				84DF75361EED260500095671 /* Release */,
			);
			defaultConfigurationIsVisible = 0;
			defaultConfigurationName = Release;
		};
		84DF75371EED260500095671 /* Build configuration list for PBXNativeTarget "ZeroKata" */ = {
			isa = XCConfigurationList;
			buildConfigurations = (
				84DF75381EED260500095671 /* Debug */,
				84DF75391EED260500095671 /* Release */,
			);
			defaultConfigurationIsVisible = 0;
			defaultConfigurationName = Release;
		};
/* End XCConfigurationList section */

/* Begin XCVersionGroup section */
		845EEF6D1EF1EC2100FD5E72 /* QSTodoDataModel.xcdatamodeld */ = {
			isa = XCVersionGroup;
			children = (
				845EEF6E1EF1EC2100FD5E72 /* QSTodoDataModel.xcdatamodel */,
			);
			currentVersion = 845EEF6E1EF1EC2100FD5E72 /* QSTodoDataModel.xcdatamodel */;
			name = QSTodoDataModel.xcdatamodeld;
			path = "/Volumes/VMware Shared Folders/Shared Folder/AZURE/zerokata1/zerokata1/QSTodoDataModel.xcdatamodeld";
			sourceTree = "<absolute>";
			versionGroupType = wrapper.xcdatamodel;
		};
/* End XCVersionGroup section */
	};
	rootObject = 84DF751D1EED260500095671 /* Project object */;
}
